{
  "name": "operator_web_app",
  "version": "0.0.1",
  "lockfileVersion": 1,
  "requires": true,
  "dependencies": {
    "strophe": {
      "version": "1.2.4",
      "resolved": "https://registry.npmjs.org/strophe/-/strophe-1.2.4.tgz",
      "integrity": "sha1-wRmaFxMi14I/DJvvzun4RRaDwvs="
    },
    "strophejs-plugin-muc": {
      "version": "1.1.0",
      "resolved": "https://registry.npmjs.org/strophejs-plugin-muc/-/strophejs-plugin-muc-1.1.0.tgz",
      "integrity": "sha512-IGMCOSxGIgYwHRDVBRCzjDy8AedHxjz2TuJ0vTuLo6v3DisLeW4d107R/SkbkjVknoX1M42fdpZ9oKb5zRsLxw=="
    }
  }
}
